
Microsoft Visual Studio Solution File, Format Version 12.00
# Visual Studio Version 16
VisualStudioVersion = 16.0.29806.167
MinimumVisualStudioVersion = 10.0.40219.1
Project("{9A19103F-16F7-4668-BE54-9A1E7A4F7556}") = "Northwind.Apps.Api", "src\Northwind.Apps.Api\Northwind.Apps.Api.csproj", "{B1602270-AFDA-4598-B0F2-D60A788C7005}"
EndProject
Project("{9A19103F-16F7-4668-BE54-9A1E7A4F7556}") = "Northwind.Apps.Core", "src\Northwind.Apps.Core\Northwind.Apps.Core.csproj", "{0D39DA5C-0593-443A-934A-F3A040759138}"
EndProject
Project("{2150E333-8FDC-42A3-9474-1A3956D46DE8}") = "src", "src", "{DC57184E-9ACE-4A21-91C5-FBB44E62CFC8}"
EndProject
Project("{2150E333-8FDC-42A3-9474-1A3956D46DE8}") = "docker", "docker", "{0F55EE65-337D-4061-9D76-E020C1CD3AC5}"
	ProjectSection(SolutionItems) = preProject
		docker-compose.yml = docker-compose.yml
		Dockerfile = Dockerfile
	EndProjectSection
EndProject
Project("{2150E333-8FDC-42A3-9474-1A3956D46DE8}") = "build", "build", "{FEE6E61E-3914-4E0E-9F18-C3139B54F7B6}"
	ProjectSection(SolutionItems) = preProject
		build.cake = build.cake
		build.ps1 = build.ps1
	EndProjectSection
EndProject
Project("{2150E333-8FDC-42A3-9474-1A3956D46DE8}") = "docs", "docs", "{7F49DC0D-4363-4F7A-8707-E7FC10090A8D}"
	ProjectSection(SolutionItems) = preProject
		README.md = README.md
	EndProjectSection
EndProject
Global
	GlobalSection(SolutionConfigurationPlatforms) = preSolution
		Debug|Any CPU = Debug|Any CPU
		Release|Any CPU = Release|Any CPU
	EndGlobalSection
	GlobalSection(ProjectConfigurationPlatforms) = postSolution
		{B1602270-AFDA-4598-B0F2-D60A788C7005}.Debug|Any CPU.ActiveCfg = Debug|Any CPU
		{B1602270-AFDA-4598-B0F2-D60A788C7005}.Debug|Any CPU.Build.0 = Debug|Any CPU
		{B1602270-AFDA-4598-B0F2-D60A788C7005}.Release|Any CPU.ActiveCfg = Release|Any CPU
		{B1602270-AFDA-4598-B0F2-D60A788C7005}.Release|Any CPU.Build.0 = Release|Any CPU
		{0D39DA5C-0593-443A-934A-F3A040759138}.Debug|Any CPU.ActiveCfg = Debug|Any CPU
		{0D39DA5C-0593-443A-934A-F3A040759138}.Debug|Any CPU.Build.0 = Debug|Any CPU
		{0D39DA5C-0593-443A-934A-F3A040759138}.Release|Any CPU.ActiveCfg = Release|Any CPU
		{0D39DA5C-0593-443A-934A-F3A040759138}.Release|Any CPU.Build.0 = Release|Any CPU
	EndGlobalSection
	GlobalSection(SolutionProperties) = preSolution
		HideSolutionNode = FALSE
	EndGlobalSection
	GlobalSection(NestedProjects) = preSolution
		{B1602270-AFDA-4598-B0F2-D60A788C7005} = {DC57184E-9ACE-4A21-91C5-FBB44E62CFC8}
		{0D39DA5C-0593-443A-934A-F3A040759138} = {DC57184E-9ACE-4A21-91C5-FBB44E62CFC8}
	EndGlobalSection
	GlobalSection(ExtensibilityGlobals) = postSolution
		SolutionGuid = {50F966B3-B3C0-4C47-B22A-7B6564C611C0}
	EndGlobalSection
EndGlobal
